
Microsoft Visual Studio Solution File, Format Version 12.00
# Visual Studio 15
VisualStudioVersion = 15.0.28307.329
MinimumVisualStudioVersion = 10.0.40219.1
Project("{FAE04EC0-301F-11D3-BF4B-00C04F79EFBC}") = "TrackingPedidos", "TrackingPedidos\TrackingPedidos.csproj", "{DD6A9C18-62FE-4D27-AAD5-B14812EB40F2}"
EndProject
Global
	GlobalSection(SolutionConfigurationPlatforms) = preSolution
		Debug|Any CPU = Debug|Any CPU
		Release|Any CPU = Release|Any CPU
	EndGlobalSection
	GlobalSection(ProjectConfigurationPlatforms) = postSolution
		{DD6A9C18-62FE-4D27-AAD5-B14812EB40F2}.Debug|Any CPU.ActiveCfg = Debug|Any CPU
		{DD6A9C18-62FE-4D27-AAD5-B14812EB40F2}.Debug|Any CPU.Build.0 = Debug|Any CPU
		{DD6A9C18-62FE-4D27-AAD5-B14812EB40F2}.Release|Any CPU.ActiveCfg = Release|Any CPU
		{DD6A9C18-62FE-4D27-AAD5-B14812EB40F2}.Release|Any CPU.Build.0 = Release|Any CPU
	EndGlobalSection
	GlobalSection(SolutionProperties) = preSolution
		HideSolutionNode = FALSE
	EndGlobalSection
	GlobalSection(ExtensibilityGlobals) = postSolution
		SolutionGuid = {52123A57-2448-4471-B27D-F921C3CAEE0A}
	EndGlobalSection
EndGlobal
